
Microsoft Visual Studio Solution File, Format Version 12.00
# Visual Studio 14
VisualStudioVersion = 14.0.25123.0
MinimumVisualStudioVersion = 10.0.40219.1
Project("{FAE04EC0-301F-11D3-BF4B-00C04F79EFBC}") = "SpaceCardGame", "SpaceCardGame\SpaceCardGame.csproj", "{B285543F-A717-4F8F-8915-1D06CF8B2BF4}"
EndProject
Project("{FAE04EC0-301F-11D3-BF4B-00C04F79EFBC}") = "2DEngine", "..\2DEngine\2DEngine\2DEngine.csproj", "{B56F5AA9-69A8-454A-9EE5-A815735804B7}"
EndProject
Project("{FAE04EC0-301F-11D3-BF4B-00C04F79EFBC}") = "2DEngineData", "..\2DEngine\2DEngineData\2DEngineData.csproj", "{ED8A2787-963C-45CE-9405-D4A031B3A977}"
EndProject
Project("{FAE04EC0-301F-11D3-BF4B-00C04F79EFBC}") = "SpaceCardGameData", "SpaceCardGameData\SpaceCardGameData.csproj", "{ABB06FBE-BAD5-424A-8B9B-C1548A1A4B76}"
EndProject
Project("{2150E333-8FDC-42A3-9474-1A3956D46DE8}") = "Engines", "Engines", "{CD89DBA7-5D26-46C7-8B1B-D2746752A9A0}"
EndProject
Project("{2150E333-8FDC-42A3-9474-1A3956D46DE8}") = "Data", "Data", "{296847C5-573C-4232-B2EF-8BF6AE042E64}"
EndProject
Project("{2150E333-8FDC-42A3-9474-1A3956D46DE8}") = "Tests", "Tests", "{5173FF8F-603D-4B2D-955E-BB27F5C0258D}"
EndProject
Project("{2150E333-8FDC-42A3-9474-1A3956D46DE8}") = "Game", "Game", "{C8ED011F-6EFF-468E-BD62-A9027592DF1D}"
EndProject
Project("{FAE04EC0-301F-11D3-BF4B-00C04F79EFBC}") = "2DEngineUnitTestGameProject", "..\2DEngine\2DEngineUnitTestGameProject\2DEngineUnitTestGameProject.csproj", "{7F26DCD0-E04C-43CE-B785-9E28E7120805}"
EndProject
Project("{FAE04EC0-301F-11D3-BF4B-00C04F79EFBC}") = "SpaceCardGameUnitTestGameProject", "SpaceCardGameUnitTestGameProject\SpaceCardGameUnitTestGameProject.csproj", "{45328686-BFBA-4E5D-867A-6AB66C0D59BA}"
EndProject
Project("{FAE04EC0-301F-11D3-BF4B-00C04F79EFBC}") = "MonoGameUnitTestFramework", "..\MonoGameUnitTestFramework\MonoGameUnitTestFramework\MonoGameUnitTestFramework.csproj", "{A9189426-6668-474F-B709-6050F2707C02}"
EndProject
Global
	GlobalSection(SolutionConfigurationPlatforms) = preSolution
		Debug|Any CPU = Debug|Any CPU
		Debug|x86 = Debug|x86
		Release|Any CPU = Release|Any CPU
		Release|x86 = Release|x86
	EndGlobalSection
	GlobalSection(ProjectConfigurationPlatforms) = postSolution
		{B285543F-A717-4F8F-8915-1D06CF8B2BF4}.Debug|Any CPU.ActiveCfg = Debug|x86
		{B285543F-A717-4F8F-8915-1D06CF8B2BF4}.Debug|x86.ActiveCfg = Debug|x86
		{B285543F-A717-4F8F-8915-1D06CF8B2BF4}.Debug|x86.Build.0 = Debug|x86
		{B285543F-A717-4F8F-8915-1D06CF8B2BF4}.Release|Any CPU.ActiveCfg = Release|x86
		{B285543F-A717-4F8F-8915-1D06CF8B2BF4}.Release|x86.ActiveCfg = Release|x86
		{B285543F-A717-4F8F-8915-1D06CF8B2BF4}.Release|x86.Build.0 = Release|x86
		{B56F5AA9-69A8-454A-9EE5-A815735804B7}.Debug|Any CPU.ActiveCfg = Debug|x86
		{B56F5AA9-69A8-454A-9EE5-A815735804B7}.Debug|x86.ActiveCfg = Debug|x86
		{B56F5AA9-69A8-454A-9EE5-A815735804B7}.Debug|x86.Build.0 = Debug|x86
		{B56F5AA9-69A8-454A-9EE5-A815735804B7}.Release|Any CPU.ActiveCfg = Release|x86
		{B56F5AA9-69A8-454A-9EE5-A815735804B7}.Release|x86.ActiveCfg = Release|x86
		{B56F5AA9-69A8-454A-9EE5-A815735804B7}.Release|x86.Build.0 = Release|x86
		{ED8A2787-963C-45CE-9405-D4A031B3A977}.Debug|Any CPU.ActiveCfg = Debug|x86
		{ED8A2787-963C-45CE-9405-D4A031B3A977}.Debug|x86.ActiveCfg = Debug|x86
		{ED8A2787-963C-45CE-9405-D4A031B3A977}.Debug|x86.Build.0 = Debug|x86
		{ED8A2787-963C-45CE-9405-D4A031B3A977}.Release|Any CPU.ActiveCfg = Release|x86
		{ED8A2787-963C-45CE-9405-D4A031B3A977}.Release|x86.ActiveCfg = Release|x86
		{ED8A2787-963C-45CE-9405-D4A031B3A977}.Release|x86.Build.0 = Release|x86
		{ABB06FBE-BAD5-424A-8B9B-C1548A1A4B76}.Debug|Any CPU.ActiveCfg = Debug|x86
		{ABB06FBE-BAD5-424A-8B9B-C1548A1A4B76}.Debug|x86.ActiveCfg = Debug|x86
		{ABB06FBE-BAD5-424A-8B9B-C1548A1A4B76}.Debug|x86.Build.0 = Debug|x86
		{ABB06FBE-BAD5-424A-8B9B-C1548A1A4B76}.Release|Any CPU.ActiveCfg = Release|x86
		{ABB06FBE-BAD5-424A-8B9B-C1548A1A4B76}.Release|x86.ActiveCfg = Release|x86
		{ABB06FBE-BAD5-424A-8B9B-C1548A1A4B76}.Release|x86.Build.0 = Release|x86
		{7F26DCD0-E04C-43CE-B785-9E28E7120805}.Debug|Any CPU.ActiveCfg = Debug|x86
		{7F26DCD0-E04C-43CE-B785-9E28E7120805}.Debug|x86.ActiveCfg = Debug|x86
		{7F26DCD0-E04C-43CE-B785-9E28E7120805}.Debug|x86.Build.0 = Debug|x86
		{7F26DCD0-E04C-43CE-B785-9E28E7120805}.Release|Any CPU.ActiveCfg = Release|x86
		{7F26DCD0-E04C-43CE-B785-9E28E7120805}.Release|x86.ActiveCfg = Release|x86
		{7F26DCD0-E04C-43CE-B785-9E28E7120805}.Release|x86.Build.0 = Release|x86
		{45328686-BFBA-4E5D-867A-6AB66C0D59BA}.Debug|Any CPU.ActiveCfg = Debug|x86
		{45328686-BFBA-4E5D-867A-6AB66C0D59BA}.Debug|x86.ActiveCfg = Debug|x86
		{45328686-BFBA-4E5D-867A-6AB66C0D59BA}.Debug|x86.Build.0 = Debug|x86
		{45328686-BFBA-4E5D-867A-6AB66C0D59BA}.Release|Any CPU.ActiveCfg = Release|x86
		{45328686-BFBA-4E5D-867A-6AB66C0D59BA}.Release|x86.ActiveCfg = Release|x86
		{45328686-BFBA-4E5D-867A-6AB66C0D59BA}.Release|x86.Build.0 = Release|x86
		{A9189426-6668-474F-B709-6050F2707C02}.Debug|Any CPU.ActiveCfg = Debug|Any CPU
		{A9189426-6668-474F-B709-6050F2707C02}.Debug|Any CPU.Build.0 = Debug|Any CPU
		{A9189426-6668-474F-B709-6050F2707C02}.Debug|x86.ActiveCfg = Debug|Any CPU
		{A9189426-6668-474F-B709-6050F2707C02}.Debug|x86.Build.0 = Debug|Any CPU
		{A9189426-6668-474F-B709-6050F2707C02}.Release|Any CPU.ActiveCfg = Release|Any CPU
		{A9189426-6668-474F-B709-6050F2707C02}.Release|Any CPU.Build.0 = Release|Any CPU
		{A9189426-6668-474F-B709-6050F2707C02}.Release|x86.ActiveCfg = Release|Any CPU
		{A9189426-6668-474F-B709-6050F2707C02}.Release|x86.Build.0 = Release|Any CPU
	EndGlobalSection
	GlobalSection(SolutionProperties) = preSolution
		HideSolutionNode = FALSE
	EndGlobalSection
	GlobalSection(NestedProjects) = preSolution
		{B285543F-A717-4F8F-8915-1D06CF8B2BF4} = {C8ED011F-6EFF-468E-BD62-A9027592DF1D}
		{B56F5AA9-69A8-454A-9EE5-A815735804B7} = {CD89DBA7-5D26-46C7-8B1B-D2746752A9A0}
		{ED8A2787-963C-45CE-9405-D4A031B3A977} = {296847C5-573C-4232-B2EF-8BF6AE042E64}
		{ABB06FBE-BAD5-424A-8B9B-C1548A1A4B76} = {296847C5-573C-4232-B2EF-8BF6AE042E64}
		{7F26DCD0-E04C-43CE-B785-9E28E7120805} = {5173FF8F-603D-4B2D-955E-BB27F5C0258D}
		{45328686-BFBA-4E5D-867A-6AB66C0D59BA} = {5173FF8F-603D-4B2D-955E-BB27F5C0258D}
	EndGlobalSection
EndGlobal
